
Microsoft Visual Studio Solution File, Format Version 12.00
# Visual Studio Version 16
VisualStudioVersion = 16.0.31402.337
MinimumVisualStudioVersion = 10.0.40219.1
Project("{9A19103F-16F7-4668-BE54-9A1E7A4F7556}") = "DataAccess", "DataAccess\DataAccess.csproj", "{3905E3EF-0183-4E95-A823-1FABE712FF30}"
EndProject
Project("{9A19103F-16F7-4668-BE54-9A1E7A4F7556}") = "Business", "Business\Business.csproj", "{B9A8EC7F-04D8-44CC-BC28-6E1F3F50E197}"
EndProject
Project("{9A19103F-16F7-4668-BE54-9A1E7A4F7556}") = "Entities", "Entities\Entities.csproj", "{58655AF0-A17F-40A7-A28B-9AE6769AEBDA}"
EndProject
Project("{9A19103F-16F7-4668-BE54-9A1E7A4F7556}") = "ConsoleUI", "ConsoleUI\ConsoleUI.csproj", "{D2DBDF55-2BE9-42FA-B815-181F40429925}"
EndProject
Project("{FAE04EC0-301F-11D3-BF4B-00C04F79EFBC}") = "Core", "Core\Core.csproj", "{1FA96FC8-59D7-4FD6-9D62-99DC39A17543}"
EndProject
Project("{FAE04EC0-301F-11D3-BF4B-00C04F79EFBC}") = "WebAPI", "WebAPI\WebAPI.csproj", "{DC48AE72-C3CA-4542-B502-3628023CFAD7}"
EndProject
Global
	GlobalSection(SolutionConfigurationPlatforms) = preSolution
		Debug|Any CPU = Debug|Any CPU
		Release|Any CPU = Release|Any CPU
	EndGlobalSection
	GlobalSection(ProjectConfigurationPlatforms) = postSolution
		{3905E3EF-0183-4E95-A823-1FABE712FF30}.Debug|Any CPU.ActiveCfg = Debug|Any CPU
		{3905E3EF-0183-4E95-A823-1FABE712FF30}.Debug|Any CPU.Build.0 = Debug|Any CPU
		{3905E3EF-0183-4E95-A823-1FABE712FF30}.Release|Any CPU.ActiveCfg = Release|Any CPU
		{3905E3EF-0183-4E95-A823-1FABE712FF30}.Release|Any CPU.Build.0 = Release|Any CPU
		{B9A8EC7F-04D8-44CC-BC28-6E1F3F50E197}.Debug|Any CPU.ActiveCfg = Debug|Any CPU
		{B9A8EC7F-04D8-44CC-BC28-6E1F3F50E197}.Debug|Any CPU.Build.0 = Debug|Any CPU
		{B9A8EC7F-04D8-44CC-BC28-6E1F3F50E197}.Release|Any CPU.ActiveCfg = Release|Any CPU
		{B9A8EC7F-04D8-44CC-BC28-6E1F3F50E197}.Release|Any CPU.Build.0 = Release|Any CPU
		{58655AF0-A17F-40A7-A28B-9AE6769AEBDA}.Debug|Any CPU.ActiveCfg = Debug|Any CPU
		{58655AF0-A17F-40A7-A28B-9AE6769AEBDA}.Debug|Any CPU.Build.0 = Debug|Any CPU
		{58655AF0-A17F-40A7-A28B-9AE6769AEBDA}.Release|Any CPU.ActiveCfg = Release|Any CPU
		{58655AF0-A17F-40A7-A28B-9AE6769AEBDA}.Release|Any CPU.Build.0 = Release|Any CPU
		{D2DBDF55-2BE9-42FA-B815-181F40429925}.Debug|Any CPU.ActiveCfg = Debug|Any CPU
		{D2DBDF55-2BE9-42FA-B815-181F40429925}.Debug|Any CPU.Build.0 = Debug|Any CPU
		{D2DBDF55-2BE9-42FA-B815-181F40429925}.Release|Any CPU.ActiveCfg = Release|Any CPU
		{D2DBDF55-2BE9-42FA-B815-181F40429925}.Release|Any CPU.Build.0 = Release|Any CPU
		{1FA96FC8-59D7-4FD6-9D62-99DC39A17543}.Debug|Any CPU.ActiveCfg = Debug|Any CPU
		{1FA96FC8-59D7-4FD6-9D62-99DC39A17543}.Debug|Any CPU.Build.0 = Debug|Any CPU
		{1FA96FC8-59D7-4FD6-9D62-99DC39A17543}.Release|Any CPU.ActiveCfg = Release|Any CPU
		{1FA96FC8-59D7-4FD6-9D62-99DC39A17543}.Release|Any CPU.Build.0 = Release|Any CPU
		{DC48AE72-C3CA-4542-B502-3628023CFAD7}.Debug|Any CPU.ActiveCfg = Debug|Any CPU
		{DC48AE72-C3CA-4542-B502-3628023CFAD7}.Debug|Any CPU.Build.0 = Debug|Any CPU
		{DC48AE72-C3CA-4542-B502-3628023CFAD7}.Release|Any CPU.ActiveCfg = Release|Any CPU
		{DC48AE72-C3CA-4542-B502-3628023CFAD7}.Release|Any CPU.Build.0 = Release|Any CPU
	EndGlobalSection
	GlobalSection(SolutionProperties) = preSolution
		HideSolutionNode = FALSE
	EndGlobalSection
	GlobalSection(ExtensibilityGlobals) = postSolution
		SolutionGuid = {66456BD5-D65D-4DB2-A3FB-A528D79538DF}
	EndGlobalSection
EndGlobal
